
Microsoft Visual Studio Solution File, Format Version 12.00
# Visual Studio Version 16
VisualStudioVersion = 25.0.1706.7
MinimumVisualStudioVersion = 10.0.40219.1
Project("{FAE04EC0-301F-11D3-BF4B-00C04F79EFBC}") = "LanguageExchangeHub1", "LanguageExchangeHub1.csproj", "{9EB50183-41AC-4F42-A889-B76E9E1CEA59}"
EndProject
Global
	GlobalSection(SolutionConfigurationPlatforms) = preSolution
		Debug|Any CPU = Debug|Any CPU
		Release|Any CPU = Release|Any CPU
	EndGlobalSection
	GlobalSection(ProjectConfigurationPlatforms) = postSolution
		{9EB50183-41AC-4F42-A889-B76E9E1CEA59}.Debug|Any CPU.ActiveCfg = Debug|Any CPU
		{9EB50183-41AC-4F42-A889-B76E9E1CEA59}.Debug|Any CPU.Build.0 = Debug|Any CPU
		{9EB50183-41AC-4F42-A889-B76E9E1CEA59}.Release|Any CPU.ActiveCfg = Release|Any CPU
		{9EB50183-41AC-4F42-A889-B76E9E1CEA59}.Release|Any CPU.Build.0 = Release|Any CPU
	EndGlobalSection
	GlobalSection(SolutionProperties) = preSolution
		HideSolutionNode = FALSE
	EndGlobalSection
	GlobalSection(ExtensibilityGlobals) = postSolution
		SolutionGuid = {FB43662C-9EB0-45E1-97DE-AC584262907D}
	EndGlobalSection
EndGlobal
